# This file is automatically @generated by Cargo.
# It is not intended for manual editing.
version = 4

[[package]]
name = "device_tree"
version = "1.1.0"
source = "registry+https://github.com/rust-lang/crates.io-index"
checksum = "f18f717c5c7c2e3483feb64cccebd077245ad6d19007c2db0fd341d38595353c"

[[package]]
name = "svboot"
version = "0.1.0"
dependencies = [
 "device_tree",
]

[[package]]
name = "svkernel"
version = "0.1.0"
